// !$*UTF8*$!
{
	archiveVersion = 1;
	classes = {
	};
	objectVersion = 44;
	objects = {

/* Begin PBXBuildFile section */
		0091D8F90E81B9330029341E /* OpenGL.framework in Frameworks */ = {isa = PBXBuildFile; fileRef = 0091D8F80E81B9330029341E /* OpenGL.framework */; };
		0097E3E50F3E9819005A4392 /* QuickTime.framework in Frameworks */ = {isa = PBXBuildFile; fileRef = 0097E3E40F3E9819005A4392 /* QuickTime.framework */; };
		00B784B30FF439BC000DE1D7 /* Accelerate.framework in Frameworks */ = {isa = PBXBuildFile; fileRef = 00B784AF0FF439BC000DE1D7 /* Accelerate.framework */; };
		00B784B40FF439BC000DE1D7 /* AudioToolbox.framework in Frameworks */ = {isa = PBXBuildFile; fileRef = 00B784B00FF439BC000DE1D7 /* AudioToolbox.framework */; };
		00B784B50FF439BC000DE1D7 /* AudioUnit.framework in Frameworks */ = {isa = PBXBuildFile; fileRef = 00B784B10FF439BC000DE1D7 /* AudioUnit.framework */; };
		00B784B60FF439BC000DE1D7 /* CoreAudio.framework in Frameworks */ = {isa = PBXBuildFile; fileRef = 00B784B20FF439BC000DE1D7 /* CoreAudio.framework */; };
		00BAE65A0E7ED9C10018A608 /* ZeroTheorem.cpp in Sources */ = {isa = PBXBuildFile; fileRef = 00BAE6590E7ED9C10018A608 /* ZeroTheorem.cpp */; };
		00CCAF15116A9FEE008396D5 /* CinderApp.icns in Resources */ = {isa = PBXBuildFile; fileRef = 00CCAF14116A9FEE008396D5 /* CinderApp.icns */; };
		4396C222163EC01D008BA00D /* Connection.m in Sources */ = {isa = PBXBuildFile; fileRef = 4396C20B163EC01D008BA00D /* Connection.m */; };
		4396C226163EC01D008BA00D /* Server.m in Sources */ = {isa = PBXBuildFile; fileRef = 4396C215163EC01D008BA00D /* Server.m */; };
		4396C227163EC01D008BA00D /* ServerBrowser.m in Sources */ = {isa = PBXBuildFile; fileRef = 4396C217163EC01D008BA00D /* ServerBrowser.m */; };
		4396C22C163EC77D008BA00D /* Blackhole.m in Sources */ = {isa = PBXBuildFile; fileRef = 4396C22B163EC77D008BA00D /* Blackhole.m */; };
		4396C231163EC992008BA00D /* ServerWrapper.mm in Sources */ = {isa = PBXBuildFile; fileRef = 4396C230163EC992008BA00D /* ServerWrapper.mm */; };
		43E2D0631634603200CB63A3 /* script.txt in Resources */ = {isa = PBXBuildFile; fileRef = 43E2D0621634603200CB63A3 /* script.txt */; };
		43E2D0661634652F00CB63A3 /* Script.cpp in Sources */ = {isa = PBXBuildFile; fileRef = 43E2D0641634652F00CB63A3 /* Script.cpp */; };
		5323E6B20EAFCA74003A9687 /* CoreVideo.framework in Frameworks */ = {isa = PBXBuildFile; fileRef = 5323E6B10EAFCA74003A9687 /* CoreVideo.framework */; };
		5323E6B60EAFCA7E003A9687 /* QTKit.framework in Frameworks */ = {isa = PBXBuildFile; fileRef = 5323E6B50EAFCA7E003A9687 /* QTKit.framework */; };
		53E3CDFC0E86099300238D2B /* Carbon.framework in Frameworks */ = {isa = PBXBuildFile; fileRef = 53E3CDFB0E86099300238D2B /* Carbon.framework */; };
		8D11072F0486CEB800E47090 /* Cocoa.framework in Frameworks */ = {isa = PBXBuildFile; fileRef = 1058C7A1FEA54F0111CA2CBB /* Cocoa.framework */; };
		91A0872F1632AE5C00A5A4A2 /* Cube.cpp in Sources */ = {isa = PBXBuildFile; fileRef = 91A0872D1632AE5C00A5A4A2 /* Cube.cpp */; };
		91A087361632B16600A5A4A2 /* Deck.cpp in Sources */ = {isa = PBXBuildFile; fileRef = 91A087341632B16600A5A4A2 /* Deck.cpp */; };
		91A0873B1632B3F800A5A4A2 /* Region.cpp in Sources */ = {isa = PBXBuildFile; fileRef = 91A087391632B3F800A5A4A2 /* Region.cpp */; };
		91BF730116307A4C00460929 /* DeckLinkAPIDispatch.cpp in Sources */ = {isa = PBXBuildFile; fileRef = 91BF730016307A4C00460929 /* DeckLinkAPIDispatch.cpp */; };
		91BF73101630898A00460929 /* DeckLinkController.mm in Sources */ = {isa = PBXBuildFile; fileRef = 91BF730516307A7300460929 /* DeckLinkController.mm */; };
		91D059C216305D290078677A /* cube.glsl in Resources */ = {isa = PBXBuildFile; fileRef = 91D059C016305D290078677A /* cube.glsl */; };
		91D059C316305D290078677A /* cube2.glsl in Resources */ = {isa = PBXBuildFile; fileRef = 91D059C116305D290078677A /* cube2.glsl */; };
		91D059C516305D300078677A /* verts.glsl in Resources */ = {isa = PBXBuildFile; fileRef = 91D059C416305D300078677A /* verts.glsl */; };
/* End PBXBuildFile section */

/* Begin PBXFileReference section */
		0091D8F80E81B9330029341E /* OpenGL.framework */ = {isa = PBXFileReference; lastKnownFileType = wrapper.framework; name = OpenGL.framework; path = /System/Library/Frameworks/OpenGL.framework; sourceTree = "<absolute>"; };
		0097E3E40F3E9819005A4392 /* QuickTime.framework */ = {isa = PBXFileReference; lastKnownFileType = wrapper.framework; name = QuickTime.framework; path = /System/Library/Frameworks/QuickTime.framework; sourceTree = "<absolute>"; };
		00B784AF0FF439BC000DE1D7 /* Accelerate.framework */ = {isa = PBXFileReference; lastKnownFileType = wrapper.framework; name = Accelerate.framework; path = System/Library/Frameworks/Accelerate.framework; sourceTree = SDKROOT; };
		00B784B00FF439BC000DE1D7 /* AudioToolbox.framework */ = {isa = PBXFileReference; lastKnownFileType = wrapper.framework; name = AudioToolbox.framework; path = System/Library/Frameworks/AudioToolbox.framework; sourceTree = SDKROOT; };
		00B784B10FF439BC000DE1D7 /* AudioUnit.framework */ = {isa = PBXFileReference; lastKnownFileType = wrapper.framework; name = AudioUnit.framework; path = System/Library/Frameworks/AudioUnit.framework; sourceTree = SDKROOT; };
		00B784B20FF439BC000DE1D7 /* CoreAudio.framework */ = {isa = PBXFileReference; lastKnownFileType = wrapper.framework; name = CoreAudio.framework; path = System/Library/Frameworks/CoreAudio.framework; sourceTree = SDKROOT; };
		00BAE6590E7ED9C10018A608 /* ZeroTheorem.cpp */ = {isa = PBXFileReference; fileEncoding = 4; lastKnownFileType = sourcecode.cpp.cpp; name = ZeroTheorem.cpp; path = ../src/ZeroTheorem.cpp; sourceTree = SOURCE_ROOT; };
		00CCAF14116A9FEE008396D5 /* CinderApp.icns */ = {isa = PBXFileReference; lastKnownFileType = image.icns; name = CinderApp.icns; path = ../resources/CinderApp.icns; sourceTree = SOURCE_ROOT; };
		1058C7A1FEA54F0111CA2CBB /* Cocoa.framework */ = {isa = PBXFileReference; lastKnownFileType = wrapper.framework; name = Cocoa.framework; path = /System/Library/Frameworks/Cocoa.framework; sourceTree = "<absolute>"; };
		13E42FB307B3F0F600E4EEF1 /* CoreData.framework */ = {isa = PBXFileReference; lastKnownFileType = wrapper.framework; name = CoreData.framework; path = /System/Library/Frameworks/CoreData.framework; sourceTree = "<absolute>"; };
		29B97324FDCFA39411CA2CEA /* AppKit.framework */ = {isa = PBXFileReference; lastKnownFileType = wrapper.framework; name = AppKit.framework; path = /System/Library/Frameworks/AppKit.framework; sourceTree = "<absolute>"; };
		29B97325FDCFA39411CA2CEA /* Foundation.framework */ = {isa = PBXFileReference; lastKnownFileType = wrapper.framework; name = Foundation.framework; path = /System/Library/Frameworks/Foundation.framework; sourceTree = "<absolute>"; };
		4396C20A163EC01D008BA00D /* Connection.h */ = {isa = PBXFileReference; fileEncoding = 4; lastKnownFileType = sourcecode.c.h; path = Connection.h; sourceTree = "<group>"; };
		4396C20B163EC01D008BA00D /* Connection.m */ = {isa = PBXFileReference; fileEncoding = 4; lastKnownFileType = sourcecode.c.objc; path = Connection.m; sourceTree = "<group>"; };
		4396C214163EC01D008BA00D /* Server.h */ = {isa = PBXFileReference; fileEncoding = 4; lastKnownFileType = sourcecode.c.h; path = Server.h; sourceTree = "<group>"; };
		4396C215163EC01D008BA00D /* Server.m */ = {isa = PBXFileReference; fileEncoding = 4; lastKnownFileType = sourcecode.c.objc; path = Server.m; sourceTree = "<group>"; };
		4396C216163EC01D008BA00D /* ServerBrowser.h */ = {isa = PBXFileReference; fileEncoding = 4; lastKnownFileType = sourcecode.c.h; path = ServerBrowser.h; sourceTree = "<group>"; };
		4396C217163EC01D008BA00D /* ServerBrowser.m */ = {isa = PBXFileReference; fileEncoding = 4; lastKnownFileType = sourcecode.c.objc; path = ServerBrowser.m; sourceTree = "<group>"; };
		4396C22A163EC77D008BA00D /* Blackhole.h */ = {isa = PBXFileReference; fileEncoding = 4; lastKnownFileType = sourcecode.c.h; path = Blackhole.h; sourceTree = "<group>"; };
		4396C22B163EC77D008BA00D /* Blackhole.m */ = {isa = PBXFileReference; fileEncoding = 4; lastKnownFileType = sourcecode.c.objc; path = Blackhole.m; sourceTree = "<group>"; };
		4396C22E163EC943008BA00D /* ServerWrapper.h */ = {isa = PBXFileReference; fileEncoding = 4; lastKnownFileType = sourcecode.c.h; path = ServerWrapper.h; sourceTree = "<group>"; };
		4396C230163EC992008BA00D /* ServerWrapper.mm */ = {isa = PBXFileReference; fileEncoding = 4; lastKnownFileType = sourcecode.cpp.objcpp; path = ServerWrapper.mm; sourceTree = "<group>"; };
		43E2D0621634603200CB63A3 /* script.txt */ = {isa = PBXFileReference; fileEncoding = 4; lastKnownFileType = text; path = script.txt; sourceTree = "<group>"; };
		43E2D0641634652F00CB63A3 /* Script.cpp */ = {isa = PBXFileReference; fileEncoding = 4; lastKnownFileType = sourcecode.cpp.cpp; path = Script.cpp; sourceTree = "<group>"; };
		43E2D0651634652F00CB63A3 /* Script.h */ = {isa = PBXFileReference; fileEncoding = 4; lastKnownFileType = sourcecode.c.h; path = Script.h; sourceTree = "<group>"; };
		5323E6B10EAFCA74003A9687 /* CoreVideo.framework */ = {isa = PBXFileReference; lastKnownFileType = wrapper.framework; name = CoreVideo.framework; path = /System/Library/Frameworks/CoreVideo.framework; sourceTree = "<absolute>"; };
		5323E6B50EAFCA7E003A9687 /* QTKit.framework */ = {isa = PBXFileReference; lastKnownFileType = wrapper.framework; name = QTKit.framework; path = /System/Library/Frameworks/QTKit.framework; sourceTree = "<absolute>"; };
		53E3CDFB0E86099300238D2B /* Carbon.framework */ = {isa = PBXFileReference; lastKnownFileType = wrapper.framework; name = Carbon.framework; path = /System/Library/Frameworks/Carbon.framework; sourceTree = "<absolute>"; };
		8D1107310486CEB800E47090 /* Info.plist */ = {isa = PBXFileReference; fileEncoding = 4; lastKnownFileType = text.plist.xml; path = Info.plist; sourceTree = "<group>"; };
		8D1107320486CEB800E47090 /* zerotheoremsequencer.app */ = {isa = PBXFileReference; explicitFileType = wrapper.application; includeInIndex = 0; path = zerotheoremsequencer.app; sourceTree = BUILT_PRODUCTS_DIR; };
		91A0872D1632AE5C00A5A4A2 /* Cube.cpp */ = {isa = PBXFileReference; fileEncoding = 4; lastKnownFileType = sourcecode.cpp.cpp; path = Cube.cpp; sourceTree = "<group>"; };
		91A087321632AE9400A5A4A2 /* ZeroTheorem.h */ = {isa = PBXFileReference; fileEncoding = 4; lastKnownFileType = sourcecode.c.h; path = ZeroTheorem.h; sourceTree = "<group>"; };
		91A087341632B16600A5A4A2 /* Deck.cpp */ = {isa = PBXFileReference; fileEncoding = 4; lastKnownFileType = sourcecode.cpp.cpp; path = Deck.cpp; sourceTree = "<group>"; };
		91A087351632B16600A5A4A2 /* Deck.h */ = {isa = PBXFileReference; fileEncoding = 4; lastKnownFileType = sourcecode.c.h; path = Deck.h; sourceTree = "<group>"; };
		91A087391632B3F800A5A4A2 /* Region.cpp */ = {isa = PBXFileReference; fileEncoding = 4; lastKnownFileType = sourcecode.cpp.cpp; path = Region.cpp; sourceTree = "<group>"; };
		91A0873A1632B3F800A5A4A2 /* Region.h */ = {isa = PBXFileReference; fileEncoding = 4; lastKnownFileType = sourcecode.c.h; path = Region.h; sourceTree = "<group>"; };
		91A0873C1632B65700A5A4A2 /* Cube.h */ = {isa = PBXFileReference; lastKnownFileType = sourcecode.c.h; path = Cube.h; sourceTree = "<group>"; };
		91BF72FE16307A4400460929 /* DeckLinkAPI.h */ = {isa = PBXFileReference; lastKnownFileType = sourcecode.c.h; path = DeckLinkAPI.h; sourceTree = "<group>"; };
		91BF730016307A4C00460929 /* DeckLinkAPIDispatch.cpp */ = {isa = PBXFileReference; fileEncoding = 4; lastKnownFileType = sourcecode.cpp.cpp; path = DeckLinkAPIDispatch.cpp; sourceTree = "<group>"; };
		91BF730416307A7300460929 /* DeckLinkController.h */ = {isa = PBXFileReference; lastKnownFileType = sourcecode.c.h; path = DeckLinkController.h; sourceTree = "<group>"; };
		91BF730516307A7300460929 /* DeckLinkController.mm */ = {isa = PBXFileReference; lastKnownFileType = sourcecode.cpp.objcpp; path = DeckLinkController.mm; sourceTree = "<group>"; };
		91BF730616307A8F00460929 /* DeckLinkAPIModes.h */ = {isa = PBXFileReference; lastKnownFileType = sourcecode.c.h; path = DeckLinkAPIModes.h; sourceTree = "<group>"; };
		91BF730716307A8F00460929 /* DeckLinkAPIStreaming.h */ = {isa = PBXFileReference; lastKnownFileType = sourcecode.c.h; path = DeckLinkAPIStreaming.h; sourceTree = "<group>"; };
		91BF730816307A8F00460929 /* DeckLinkAPITypes.h */ = {isa = PBXFileReference; lastKnownFileType = sourcecode.c.h; path = DeckLinkAPITypes.h; sourceTree = "<group>"; };
		91BF730916307A8F00460929 /* DeckLinkAPIVersion.h */ = {isa = PBXFileReference; lastKnownFileType = sourcecode.c.h; path = DeckLinkAPIVersion.h; sourceTree = "<group>"; };
		91BF730A16307A9800460929 /* DeckLinkAPIConfiguration.h */ = {isa = PBXFileReference; lastKnownFileType = sourcecode.c.h; path = DeckLinkAPIConfiguration.h; sourceTree = "<group>"; };
		91BF730B16307A9800460929 /* DeckLinkAPIDeckControl.h */ = {isa = PBXFileReference; lastKnownFileType = sourcecode.c.h; path = DeckLinkAPIDeckControl.h; sourceTree = "<group>"; };
		91BF730C16307A9800460929 /* DeckLinkAPIDiscovery.h */ = {isa = PBXFileReference; lastKnownFileType = sourcecode.c.h; path = DeckLinkAPIDiscovery.h; sourceTree = "<group>"; };
		91D059C016305D290078677A /* cube.glsl */ = {isa = PBXFileReference; fileEncoding = 4; lastKnownFileType = text; path = cube.glsl; sourceTree = "<group>"; };
		91D059C116305D290078677A /* cube2.glsl */ = {isa = PBXFileReference; fileEncoding = 4; lastKnownFileType = text; path = cube2.glsl; sourceTree = "<group>"; };
		91D059C416305D300078677A /* verts.glsl */ = {isa = PBXFileReference; fileEncoding = 4; lastKnownFileType = text; path = verts.glsl; sourceTree = "<group>"; };
/* End PBXFileReference section */

/* Begin PBXFrameworksBuildPhase section */
		8D11072E0486CEB800E47090 /* Frameworks */ = {
			isa = PBXFrameworksBuildPhase;
			buildActionMask = 2147483647;
			files = (
				8D11072F0486CEB800E47090 /* Cocoa.framework in Frameworks */,
				0091D8F90E81B9330029341E /* OpenGL.framework in Frameworks */,
				53E3CDFC0E86099300238D2B /* Carbon.framework in Frameworks */,
				5323E6B20EAFCA74003A9687 /* CoreVideo.framework in Frameworks */,
				5323E6B60EAFCA7E003A9687 /* QTKit.framework in Frameworks */,
				0097E3E50F3E9819005A4392 /* QuickTime.framework in Frameworks */,
				00B784B30FF439BC000DE1D7 /* Accelerate.framework in Frameworks */,
				00B784B40FF439BC000DE1D7 /* AudioToolbox.framework in Frameworks */,
				00B784B50FF439BC000DE1D7 /* AudioUnit.framework in Frameworks */,
				00B784B60FF439BC000DE1D7 /* CoreAudio.framework in Frameworks */,
			);
			runOnlyForDeploymentPostprocessing = 0;
		};
/* End PBXFrameworksBuildPhase section */

/* Begin PBXGroup section */
		080E96DDFE201D6D7F000001 /* Source */ = {
			isa = PBXGroup;
			children = (
				43E2D0651634652F00CB63A3 /* Script.h */,
				43E2D0641634652F00CB63A3 /* Script.cpp */,
				4396C22A163EC77D008BA00D /* Blackhole.h */,
				4396C22B163EC77D008BA00D /* Blackhole.m */,
				91A0873A1632B3F800A5A4A2 /* Region.h */,
				91A087391632B3F800A5A4A2 /* Region.cpp */,
				91A087351632B16600A5A4A2 /* Deck.h */,
				91A087341632B16600A5A4A2 /* Deck.cpp */,
				91A0873C1632B65700A5A4A2 /* Cube.h */,
				91A0872D1632AE5C00A5A4A2 /* Cube.cpp */,
				91A087321632AE9400A5A4A2 /* ZeroTheorem.h */,
				00BAE6590E7ED9C10018A608 /* ZeroTheorem.cpp */,
			);
			name = Source;
			sourceTree = "<group>";
		};
		1058C7A0FEA54F0111CA2CBB /* Linked Frameworks */ = {
			isa = PBXGroup;
			children = (
				00B784AF0FF439BC000DE1D7 /* Accelerate.framework */,
				00B784B00FF439BC000DE1D7 /* AudioToolbox.framework */,
				00B784B10FF439BC000DE1D7 /* AudioUnit.framework */,
				00B784B20FF439BC000DE1D7 /* CoreAudio.framework */,
				0097E3E40F3E9819005A4392 /* QuickTime.framework */,
				5323E6B50EAFCA7E003A9687 /* QTKit.framework */,
				5323E6B10EAFCA74003A9687 /* CoreVideo.framework */,
				53E3CDFB0E86099300238D2B /* Carbon.framework */,
				0091D8F80E81B9330029341E /* OpenGL.framework */,
				1058C7A1FEA54F0111CA2CBB /* Cocoa.framework */,
			);
			name = "Linked Frameworks";
			sourceTree = "<group>";
		};
		1058C7A2FEA54F0111CA2CBB /* Other Frameworks */ = {
			isa = PBXGroup;
			children = (
				29B97324FDCFA39411CA2CEA /* AppKit.framework */,
				13E42FB307B3F0F600E4EEF1 /* CoreData.framework */,
				29B97325FDCFA39411CA2CEA /* Foundation.framework */,
			);
			name = "Other Frameworks";
			sourceTree = "<group>";
		};
		19C28FACFE9D520D11CA2CBB /* Products */ = {
			isa = PBXGroup;
			children = (
				8D1107320486CEB800E47090 /* zerotheoremsequencer.app */,
			);
			name = Products;
			sourceTree = "<group>";
		};
		29B97314FDCFA39411CA2CEA /* zerotheoremsequencer */ = {
			isa = PBXGroup;
			children = (
				4396C202163EC01D008BA00D /* chatty */,
				080E96DDFE201D6D7F000001 /* Source */,
				91A087381632B38900A5A4A2 /* blackdeck */,
				29B97317FDCFA39411CA2CEA /* Resources */,
				29B97323FDCFA39411CA2CEA /* Frameworks */,
				19C28FACFE9D520D11CA2CBB /* Products */,
			);
			name = zerotheoremsequencer;
			sourceTree = "<group>";
		};
		29B97317FDCFA39411CA2CEA /* Resources */ = {
			isa = PBXGroup;
			children = (
				8D1107310486CEB800E47090 /* Info.plist */,
				91D059C416305D300078677A /* verts.glsl */,
				91D059C016305D290078677A /* cube.glsl */,
				43E2D0621634603200CB63A3 /* script.txt */,
				91D059C116305D290078677A /* cube2.glsl */,
				00CCAF14116A9FEE008396D5 /* CinderApp.icns */,
			);
			name = Resources;
			sourceTree = "<group>";
		};
		29B97323FDCFA39411CA2CEA /* Frameworks */ = {
			isa = PBXGroup;
			children = (
				1058C7A0FEA54F0111CA2CBB /* Linked Frameworks */,
				1058C7A2FEA54F0111CA2CBB /* Other Frameworks */,
			);
			name = Frameworks;
			sourceTree = "<group>";
		};
		4396C202163EC01D008BA00D /* chatty */ = {
			isa = PBXGroup;
			children = (
				4396C20A163EC01D008BA00D /* Connection.h */,
				4396C20B163EC01D008BA00D /* Connection.m */,
				4396C230163EC992008BA00D /* ServerWrapper.mm */,
				4396C22E163EC943008BA00D /* ServerWrapper.h */,
				4396C214163EC01D008BA00D /* Server.h */,
				4396C215163EC01D008BA00D /* Server.m */,
				4396C216163EC01D008BA00D /* ServerBrowser.h */,
				4396C217163EC01D008BA00D /* ServerBrowser.m */,
			);
			name = chatty;
			path = ../chatty;
			sourceTree = "<group>";
		};
		91A087381632B38900A5A4A2 /* blackdeck */ = {
			isa = PBXGroup;
			children = (
				91BF730A16307A9800460929 /* DeckLinkAPIConfiguration.h */,
				91BF730616307A8F00460929 /* DeckLinkAPIModes.h */,
				91BF730716307A8F00460929 /* DeckLinkAPIStreaming.h */,
				91BF730816307A8F00460929 /* DeckLinkAPITypes.h */,
				91BF730916307A8F00460929 /* DeckLinkAPIVersion.h */,
				91BF72FE16307A4400460929 /* DeckLinkAPI.h */,
				91BF730016307A4C00460929 /* DeckLinkAPIDispatch.cpp */,
				91BF730416307A7300460929 /* DeckLinkController.h */,
				91BF730516307A7300460929 /* DeckLinkController.mm */,
				91BF730B16307A9800460929 /* DeckLinkAPIDeckControl.h */,
				91BF730C16307A9800460929 /* DeckLinkAPIDiscovery.h */,
			);
			name = blackdeck;
			sourceTree = "<group>";
		};
/* End PBXGroup section */

/* Begin PBXNativeTarget section */
		8D1107260486CEB800E47090 /* zerotheoremsequencer */ = {
			isa = PBXNativeTarget;
			buildConfigurationList = C01FCF4A08A954540054247B /* Build configuration list for PBXNativeTarget "zerotheoremsequencer" */;
			buildPhases = (
				8D1107290486CEB800E47090 /* Resources */,
				8D11072C0486CEB800E47090 /* Sources */,
				8D11072E0486CEB800E47090 /* Frameworks */,
			);
			buildRules = (
			);
			dependencies = (
			);
			name = zerotheoremsequencer;
			productInstallPath = "$(HOME)/Applications";
			productName = zerotheoremsequencer;
			productReference = 8D1107320486CEB800E47090 /* zerotheoremsequencer.app */;
			productType = "com.apple.product-type.application";
		};
/* End PBXNativeTarget section */

/* Begin PBXProject section */
		29B97313FDCFA39411CA2CEA /* Project object */ = {
			isa = PBXProject;
			buildConfigurationList = C01FCF4E08A954540054247B /* Build configuration list for PBXProject "zerotheoremsequencer" */;
			compatibilityVersion = "Xcode 3.0";
			developmentRegion = English;
			hasScannedForEncodings = 1;
			knownRegions = (
				en,
			);
			mainGroup = 29B97314FDCFA39411CA2CEA /* zerotheoremsequencer */;
			projectDirPath = "";
			projectRoot = "";
			targets = (
				8D1107260486CEB800E47090 /* zerotheoremsequencer */,
			);
		};
/* End PBXProject section */

/* Begin PBXResourcesBuildPhase section */
		8D1107290486CEB800E47090 /* Resources */ = {
			isa = PBXResourcesBuildPhase;
			buildActionMask = 2147483647;
			files = (
				00CCAF15116A9FEE008396D5 /* CinderApp.icns in Resources */,
				91D059C216305D290078677A /* cube.glsl in Resources */,
				91D059C316305D290078677A /* cube2.glsl in Resources */,
				91D059C516305D300078677A /* verts.glsl in Resources */,
				43E2D0631634603200CB63A3 /* script.txt in Resources */,
			);
			runOnlyForDeploymentPostprocessing = 0;
		};
/* End PBXResourcesBuildPhase section */

/* Begin PBXSourcesBuildPhase section */
		8D11072C0486CEB800E47090 /* Sources */ = {
			isa = PBXSourcesBuildPhase;
			buildActionMask = 2147483647;
			files = (
				00BAE65A0E7ED9C10018A608 /* ZeroTheorem.cpp in Sources */,
				91BF730116307A4C00460929 /* DeckLinkAPIDispatch.cpp in Sources */,
				91BF73101630898A00460929 /* DeckLinkController.mm in Sources */,
				91A0872F1632AE5C00A5A4A2 /* Cube.cpp in Sources */,
				91A087361632B16600A5A4A2 /* Deck.cpp in Sources */,
				91A0873B1632B3F800A5A4A2 /* Region.cpp in Sources */,
				43E2D0661634652F00CB63A3 /* Script.cpp in Sources */,
				4396C222163EC01D008BA00D /* Connection.m in Sources */,
				4396C226163EC01D008BA00D /* Server.m in Sources */,
				4396C227163EC01D008BA00D /* ServerBrowser.m in Sources */,
				4396C22C163EC77D008BA00D /* Blackhole.m in Sources */,
				4396C231163EC992008BA00D /* ServerWrapper.mm in Sources */,
			);
			runOnlyForDeploymentPostprocessing = 0;
		};
/* End PBXSourcesBuildPhase section */

/* Begin XCBuildConfiguration section */
		C01FCF4B08A954540054247B /* Debug */ = {
			isa = XCBuildConfiguration;
			buildSettings = {
				CINDER_PATH = ../..;
				COPY_PHASE_STRIP = NO;
				GCC_DYNAMIC_NO_PIC = NO;
				GCC_ENABLE_FIX_AND_CONTINUE = YES;
				GCC_INLINES_ARE_PRIVATE_EXTERN = NO;
				GCC_MODEL_TUNING = G5;
				GCC_OPTIMIZATION_LEVEL = 0;
				GCC_PRECOMPILE_PREFIX_HEADER = YES;
				GCC_PREFIX_HEADER = zerotheoremsequencer_Prefix.pch;
				GCC_SYMBOLS_PRIVATE_EXTERN = NO;
				INFOPLIST_FILE = Info.plist;
				INSTALL_PATH = "$(HOME)/Applications";
				LIBRARY_SEARCH_PATHS = "$(inherited)";
				ONLY_ACTIVE_ARCH = YES;
				OTHER_LDFLAGS = "\"$(CINDER_PATH)/lib/libcinder_d.a\"";
				PRODUCT_NAME = zerotheoremsequencer;
				USER_HEADER_SEARCH_PATHS = "\"$(CINDER_PATH)/include\" ../include";
				WRAPPER_EXTENSION = app;
			};
			name = Debug;
		};
		C01FCF4C08A954540054247B /* Release */ = {
			isa = XCBuildConfiguration;
			buildSettings = {
				CINDER_PATH = ../..;
				DEAD_CODE_STRIPPING = YES;
				DEBUG_INFORMATION_FORMAT = "dwarf-with-dsym";
				GCC_FAST_MATH = YES;
				GCC_GENERATE_DEBUGGING_SYMBOLS = NO;
				GCC_INLINES_ARE_PRIVATE_EXTERN = NO;
				GCC_MODEL_TUNING = G5;
				GCC_OPTIMIZATION_LEVEL = 3;
				GCC_PRECOMPILE_PREFIX_HEADER = YES;
				GCC_PREFIX_HEADER = zerotheoremsequencer_Prefix.pch;
				GCC_SYMBOLS_PRIVATE_EXTERN = NO;
				INFOPLIST_FILE = Info.plist;
				INSTALL_PATH = "$(HOME)/Applications";
				LIBRARY_SEARCH_PATHS = "$(inherited)";
				ONLY_ACTIVE_ARCH = YES;
				OTHER_LDFLAGS = "\"$(CINDER_PATH)/lib/libcinder.a\"";
				PRODUCT_NAME = zerotheoremsequencer;
				STRIP_INSTALLED_PRODUCT = YES;
				USER_HEADER_SEARCH_PATHS = "\"$(CINDER_PATH)/include\" ../include";
				WRAPPER_EXTENSION = app;
			};
			name = Release;
		};
		C01FCF4F08A954540054247B /* Debug */ = {
			isa = XCBuildConfiguration;
			buildSettings = {
				ALWAYS_SEARCH_USER_PATHS = NO;
				ARCHS = "$(ARCHS_STANDARD_32_BIT_PRE_XCODE_3_1)";
				ARCHS_STANDARD_32_BIT_PRE_XCODE_3_1 = "ppc i386";
				CINDER_PATH = ../../..;
				GCC_WARN_ABOUT_RETURN_TYPE = YES;
				GCC_WARN_UNUSED_VARIABLE = YES;
				HEADER_SEARCH_PATHS = "\"$(CINDER_PATH)/boost\"";
				MACOSX_DEPLOYMENT_TARGET = 10.5;
				PREBINDING = NO;
				SDKROOT = "";
				USER_HEADER_SEARCH_PATHS = "\"$(CINDER_PATH)/include\" ../include ../../../blocks/OpenCV/include";
				VALID_ARCHS = "i386 x86_64";
			};
			name = Debug;
		};
		C01FCF5008A954540054247B /* Release */ = {
			isa = XCBuildConfiguration;
			buildSettings = {
				ALWAYS_SEARCH_USER_PATHS = NO;
				ARCHS = "$(ARCHS_STANDARD_32_BIT_PRE_XCODE_3_1)";
				ARCHS_STANDARD_32_BIT_PRE_XCODE_3_1 = "ppc i386";
				CINDER_PATH = ../../..;
				GCC_WARN_ABOUT_RETURN_TYPE = YES;
				GCC_WARN_UNUSED_VARIABLE = YES;
				HEADER_SEARCH_PATHS = "\"$(CINDER_PATH)/boost\"";
				MACOSX_DEPLOYMENT_TARGET = 10.5;
				PREBINDING = NO;
				SDKROOT = "";
				USER_HEADER_SEARCH_PATHS = "\"$(CINDER_PATH)/include\" ../include ../../../blocks/OpenCV/include";
				VALID_ARCHS = "i386 x86_64";
			};
			name = Release;
		};
/* End XCBuildConfiguration section */

/* Begin XCConfigurationList section */
		C01FCF4A08A954540054247B /* Build configuration list for PBXNativeTarget "zerotheoremsequencer" */ = {
			isa = XCConfigurationList;
			buildConfigurations = (
				C01FCF4B08A954540054247B /* Debug */,
				C01FCF4C08A954540054247B /* Release */,
			);
			defaultConfigurationIsVisible = 0;
			defaultConfigurationName = Release;
		};
		C01FCF4E08A954540054247B /* Build configuration list for PBXProject "zerotheoremsequencer" */ = {
			isa = XCConfigurationList;
			buildConfigurations = (
				C01FCF4F08A954540054247B /* Debug */,
				C01FCF5008A954540054247B /* Release */,
			);
			defaultConfigurationIsVisible = 0;
			defaultConfigurationName = Release;
		};
/* End XCConfigurationList section */
	};
	rootObject = 29B97313FDCFA39411CA2CEA /* Project object */;
}
